
Microsoft Visual Studio Solution File, Format Version 12.00
# Visual Studio 15
VisualStudioVersion = 15.0.28307.1800
MinimumVisualStudioVersion = 10.0.40219.1
Project("{8BC9CEB8-8B4A-11D0-8D11-00A0C91BC942}") = "01_Test", "01_Test\01_Test.vcxproj", "{A347218D-5726-420C-B04B-F2599D37AB30}"
EndProject
Project("{8BC9CEB8-8B4A-11D0-8D11-00A0C91BC942}") = "02_Test", "02_Test\02_Test.vcxproj", "{5615667C-77C3-4DBF-9C19-06085CCB5BFE}"
EndProject
Project("{8BC9CEB8-8B4A-11D0-8D11-00A0C91BC942}") = "03_Test", "03_Test\03_Test.vcxproj", "{753D2A70-358F-4748-8307-AC2AC1548038}"
EndProject
Project("{8BC9CEB8-8B4A-11D0-8D11-00A0C91BC942}") = "04_Test", "04_Test\04_Test.vcxproj", "{0EAE00C4-0630-4115-80C6-D294E4BD80F5}"
EndProject
Project("{8BC9CEB8-8B4A-11D0-8D11-00A0C91BC942}") = "05_Test", "05_Test\05_Test.vcxproj", "{F87813AE-2AB3-417A-A9F8-DFF861CE81E2}"
EndProject
Project("{8BC9CEB8-8B4A-11D0-8D11-00A0C91BC942}") = "06_Test", "06_Test\06_Test.vcxproj", "{B09F4E6C-0ACF-41DE-99D6-BBED93F3693F}"
EndProject
Project("{8BC9CEB8-8B4A-11D0-8D11-00A0C91BC942}") = "07_Test", "07_Test\07_Test.vcxproj", "{2E07F3EC-B4F5-471B-81D7-621E48E265F7}"
EndProject
Project("{8BC9CEB8-8B4A-11D0-8D11-00A0C91BC942}") = "08_Test", "08_Test\08_Test.vcxproj", "{B1ACDADE-C427-44A7-86F5-B2B2FD9ECA36}"
EndProject
Project("{8BC9CEB8-8B4A-11D0-8D11-00A0C91BC942}") = "09_Test", "09_Test\09_Test.vcxproj", "{4876E161-65E3-43AD-B6C9-8D00B8BAEBD1}"
EndProject
Project("{8BC9CEB8-8B4A-11D0-8D11-00A0C91BC942}") = "10_Test", "10_Test\10_Test.vcxproj", "{2E573C8E-879B-40CC-B094-CB0D983157F1}"
EndProject
Project("{8BC9CEB8-8B4A-11D0-8D11-00A0C91BC942}") = "11_Test", "11_Test\11_Test.vcxproj", "{B98E793A-5522-4575-8B6B-1158E02C342A}"
EndProject
Project("{8BC9CEB8-8B4A-11D0-8D11-00A0C91BC942}") = "12_Test", "12_Test\12_Test.vcxproj", "{6D3BC72F-0F8D-46A5-AA6E-E9FF791B2CE9}"
EndProject
Project("{8BC9CEB8-8B4A-11D0-8D11-00A0C91BC942}") = "13_Test", "13_Test\13_Test.vcxproj", "{4FD1F530-C1F4-403A-955B-423D15F21A33}"
EndProject
Project("{8BC9CEB8-8B4A-11D0-8D11-00A0C91BC942}") = "14_Test", "14_Test\14_Test.vcxproj", "{E82B63CC-4484-4B5C-9E82-57CAEF398283}"
EndProject
Project("{8BC9CEB8-8B4A-11D0-8D11-00A0C91BC942}") = "15_Test", "15_Test\15_Test.vcxproj", "{1C8163AB-E0A7-496A-A632-2470411DFAD4}"
EndProject
Project("{8BC9CEB8-8B4A-11D0-8D11-00A0C91BC942}") = "16_Test", "16_Test\16_Test.vcxproj", "{0174B65D-0721-4A9D-8548-EDEC2A54FC6E}"
EndProject
Project("{8BC9CEB8-8B4A-11D0-8D11-00A0C91BC942}") = "17_Test", "17_Test\17_Test.vcxproj", "{F94B5F07-38EB-4DFE-A8A6-68CB64887B99}"
EndProject
Global
	GlobalSection(SolutionConfigurationPlatforms) = preSolution
		Debug|x64 = Debug|x64
		Debug|x86 = Debug|x86
		Release|x64 = Release|x64
		Release|x86 = Release|x86
	EndGlobalSection
	GlobalSection(ProjectConfigurationPlatforms) = postSolution
		{A347218D-5726-420C-B04B-F2599D37AB30}.Debug|x64.ActiveCfg = Debug|x64
		{A347218D-5726-420C-B04B-F2599D37AB30}.Debug|x64.Build.0 = Debug|x64
		{A347218D-5726-420C-B04B-F2599D37AB30}.Debug|x86.ActiveCfg = Debug|Win32
		{A347218D-5726-420C-B04B-F2599D37AB30}.Debug|x86.Build.0 = Debug|Win32
		{A347218D-5726-420C-B04B-F2599D37AB30}.Release|x64.ActiveCfg = Release|x64
		{A347218D-5726-420C-B04B-F2599D37AB30}.Release|x64.Build.0 = Release|x64
		{A347218D-5726-420C-B04B-F2599D37AB30}.Release|x86.ActiveCfg = Release|Win32
		{A347218D-5726-420C-B04B-F2599D37AB30}.Release|x86.Build.0 = Release|Win32
		{5615667C-77C3-4DBF-9C19-06085CCB5BFE}.Debug|x64.ActiveCfg = Debug|x64
		{5615667C-77C3-4DBF-9C19-06085CCB5BFE}.Debug|x64.Build.0 = Debug|x64
		{5615667C-77C3-4DBF-9C19-06085CCB5BFE}.Debug|x86.ActiveCfg = Debug|Win32
		{5615667C-77C3-4DBF-9C19-06085CCB5BFE}.Debug|x86.Build.0 = Debug|Win32
		{5615667C-77C3-4DBF-9C19-06085CCB5BFE}.Release|x64.ActiveCfg = Release|x64
		{5615667C-77C3-4DBF-9C19-06085CCB5BFE}.Release|x64.Build.0 = Release|x64
		{5615667C-77C3-4DBF-9C19-06085CCB5BFE}.Release|x86.ActiveCfg = Release|Win32
		{5615667C-77C3-4DBF-9C19-06085CCB5BFE}.Release|x86.Build.0 = Release|Win32
		{753D2A70-358F-4748-8307-AC2AC1548038}.Debug|x64.ActiveCfg = Debug|x64
		{753D2A70-358F-4748-8307-AC2AC1548038}.Debug|x64.Build.0 = Debug|x64
		{753D2A70-358F-4748-8307-AC2AC1548038}.Debug|x86.ActiveCfg = Debug|Win32
		{753D2A70-358F-4748-8307-AC2AC1548038}.Debug|x86.Build.0 = Debug|Win32
		{753D2A70-358F-4748-8307-AC2AC1548038}.Release|x64.ActiveCfg = Release|x64
		{753D2A70-358F-4748-8307-AC2AC1548038}.Release|x64.Build.0 = Release|x64
		{753D2A70-358F-4748-8307-AC2AC1548038}.Release|x86.ActiveCfg = Release|Win32
		{753D2A70-358F-4748-8307-AC2AC1548038}.Release|x86.Build.0 = Release|Win32
		{0EAE00C4-0630-4115-80C6-D294E4BD80F5}.Debug|x64.ActiveCfg = Debug|x64
		{0EAE00C4-0630-4115-80C6-D294E4BD80F5}.Debug|x64.Build.0 = Debug|x64
		{0EAE00C4-0630-4115-80C6-D294E4BD80F5}.Debug|x86.ActiveCfg = Debug|Win32
		{0EAE00C4-0630-4115-80C6-D294E4BD80F5}.Debug|x86.Build.0 = Debug|Win32
		{0EAE00C4-0630-4115-80C6-D294E4BD80F5}.Release|x64.ActiveCfg = Release|x64
		{0EAE00C4-0630-4115-80C6-D294E4BD80F5}.Release|x64.Build.0 = Release|x64
		{0EAE00C4-0630-4115-80C6-D294E4BD80F5}.Release|x86.ActiveCfg = Release|Win32
		{0EAE00C4-0630-4115-80C6-D294E4BD80F5}.Release|x86.Build.0 = Release|Win32
		{F87813AE-2AB3-417A-A9F8-DFF861CE81E2}.Debug|x64.ActiveCfg = Debug|x64
		{F87813AE-2AB3-417A-A9F8-DFF861CE81E2}.Debug|x64.Build.0 = Debug|x64
		{F87813AE-2AB3-417A-A9F8-DFF861CE81E2}.Debug|x86.ActiveCfg = Debug|Win32
		{F87813AE-2AB3-417A-A9F8-DFF861CE81E2}.Debug|x86.Build.0 = Debug|Win32
		{F87813AE-2AB3-417A-A9F8-DFF861CE81E2}.Release|x64.ActiveCfg = Release|x64
		{F87813AE-2AB3-417A-A9F8-DFF861CE81E2}.Release|x64.Build.0 = Release|x64
		{F87813AE-2AB3-417A-A9F8-DFF861CE81E2}.Release|x86.ActiveCfg = Release|Win32
		{F87813AE-2AB3-417A-A9F8-DFF861CE81E2}.Release|x86.Build.0 = Release|Win32
		{B09F4E6C-0ACF-41DE-99D6-BBED93F3693F}.Debug|x64.ActiveCfg = Debug|x64
		{B09F4E6C-0ACF-41DE-99D6-BBED93F3693F}.Debug|x64.Build.0 = Debug|x64
		{B09F4E6C-0ACF-41DE-99D6-BBED93F3693F}.Debug|x86.ActiveCfg = Debug|Win32
		{B09F4E6C-0ACF-41DE-99D6-BBED93F3693F}.Debug|x86.Build.0 = Debug|Win32
		{B09F4E6C-0ACF-41DE-99D6-BBED93F3693F}.Release|x64.ActiveCfg = Release|x64
		{B09F4E6C-0ACF-41DE-99D6-BBED93F3693F}.Release|x64.Build.0 = Release|x64
		{B09F4E6C-0ACF-41DE-99D6-BBED93F3693F}.Release|x86.ActiveCfg = Release|Win32
		{B09F4E6C-0ACF-41DE-99D6-BBED93F3693F}.Release|x86.Build.0 = Release|Win32
		{2E07F3EC-B4F5-471B-81D7-621E48E265F7}.Debug|x64.ActiveCfg = Debug|x64
		{2E07F3EC-B4F5-471B-81D7-621E48E265F7}.Debug|x64.Build.0 = Debug|x64
		{2E07F3EC-B4F5-471B-81D7-621E48E265F7}.Debug|x86.ActiveCfg = Debug|Win32
		{2E07F3EC-B4F5-471B-81D7-621E48E265F7}.Debug|x86.Build.0 = Debug|Win32
		{2E07F3EC-B4F5-471B-81D7-621E48E265F7}.Release|x64.ActiveCfg = Release|x64
		{2E07F3EC-B4F5-471B-81D7-621E48E265F7}.Release|x64.Build.0 = Release|x64
		{2E07F3EC-B4F5-471B-81D7-621E48E265F7}.Release|x86.ActiveCfg = Release|Win32
		{2E07F3EC-B4F5-471B-81D7-621E48E265F7}.Release|x86.Build.0 = Release|Win32
		{B1ACDADE-C427-44A7-86F5-B2B2FD9ECA36}.Debug|x64.ActiveCfg = Debug|x64
		{B1ACDADE-C427-44A7-86F5-B2B2FD9ECA36}.Debug|x64.Build.0 = Debug|x64
		{B1ACDADE-C427-44A7-86F5-B2B2FD9ECA36}.Debug|x86.ActiveCfg = Debug|Win32
		{B1ACDADE-C427-44A7-86F5-B2B2FD9ECA36}.Debug|x86.Build.0 = Debug|Win32
		{B1ACDADE-C427-44A7-86F5-B2B2FD9ECA36}.Release|x64.ActiveCfg = Release|x64
		{B1ACDADE-C427-44A7-86F5-B2B2FD9ECA36}.Release|x64.Build.0 = Release|x64
		{B1ACDADE-C427-44A7-86F5-B2B2FD9ECA36}.Release|x86.ActiveCfg = Release|Win32
		{B1ACDADE-C427-44A7-86F5-B2B2FD9ECA36}.Release|x86.Build.0 = Release|Win32
		{4876E161-65E3-43AD-B6C9-8D00B8BAEBD1}.Debug|x64.ActiveCfg = Debug|x64
		{4876E161-65E3-43AD-B6C9-8D00B8BAEBD1}.Debug|x64.Build.0 = Debug|x64
		{4876E161-65E3-43AD-B6C9-8D00B8BAEBD1}.Debug|x86.ActiveCfg = Debug|Win32
		{4876E161-65E3-43AD-B6C9-8D00B8BAEBD1}.Debug|x86.Build.0 = Debug|Win32
		{4876E161-65E3-43AD-B6C9-8D00B8BAEBD1}.Release|x64.ActiveCfg = Release|x64
		{4876E161-65E3-43AD-B6C9-8D00B8BAEBD1}.Release|x64.Build.0 = Release|x64
		{4876E161-65E3-43AD-B6C9-8D00B8BAEBD1}.Release|x86.ActiveCfg = Release|Win32
		{4876E161-65E3-43AD-B6C9-8D00B8BAEBD1}.Release|x86.Build.0 = Release|Win32
		{2E573C8E-879B-40CC-B094-CB0D983157F1}.Debug|x64.ActiveCfg = Debug|x64
		{2E573C8E-879B-40CC-B094-CB0D983157F1}.Debug|x64.Build.0 = Debug|x64
		{2E573C8E-879B-40CC-B094-CB0D983157F1}.Debug|x86.ActiveCfg = Debug|Win32
		{2E573C8E-879B-40CC-B094-CB0D983157F1}.Debug|x86.Build.0 = Debug|Win32
		{2E573C8E-879B-40CC-B094-CB0D983157F1}.Release|x64.ActiveCfg = Release|x64
		{2E573C8E-879B-40CC-B094-CB0D983157F1}.Release|x64.Build.0 = Release|x64
		{2E573C8E-879B-40CC-B094-CB0D983157F1}.Release|x86.ActiveCfg = Release|Win32
		{2E573C8E-879B-40CC-B094-CB0D983157F1}.Release|x86.Build.0 = Release|Win32
		{B98E793A-5522-4575-8B6B-1158E02C342A}.Debug|x64.ActiveCfg = Debug|x64
		{B98E793A-5522-4575-8B6B-1158E02C342A}.Debug|x64.Build.0 = Debug|x64
		{B98E793A-5522-4575-8B6B-1158E02C342A}.Debug|x86.ActiveCfg = Debug|Win32
		{B98E793A-5522-4575-8B6B-1158E02C342A}.Debug|x86.Build.0 = Debug|Win32
		{B98E793A-5522-4575-8B6B-1158E02C342A}.Release|x64.ActiveCfg = Release|x64
		{B98E793A-5522-4575-8B6B-1158E02C342A}.Release|x64.Build.0 = Release|x64
		{B98E793A-5522-4575-8B6B-1158E02C342A}.Release|x86.ActiveCfg = Release|Win32
		{B98E793A-5522-4575-8B6B-1158E02C342A}.Release|x86.Build.0 = Release|Win32
		{6D3BC72F-0F8D-46A5-AA6E-E9FF791B2CE9}.Debug|x64.ActiveCfg = Debug|x64
		{6D3BC72F-0F8D-46A5-AA6E-E9FF791B2CE9}.Debug|x64.Build.0 = Debug|x64
		{6D3BC72F-0F8D-46A5-AA6E-E9FF791B2CE9}.Debug|x86.ActiveCfg = Debug|Win32
		{6D3BC72F-0F8D-46A5-AA6E-E9FF791B2CE9}.Debug|x86.Build.0 = Debug|Win32
		{6D3BC72F-0F8D-46A5-AA6E-E9FF791B2CE9}.Release|x64.ActiveCfg = Release|x64
		{6D3BC72F-0F8D-46A5-AA6E-E9FF791B2CE9}.Release|x64.Build.0 = Release|x64
		{6D3BC72F-0F8D-46A5-AA6E-E9FF791B2CE9}.Release|x86.ActiveCfg = Release|Win32
		{6D3BC72F-0F8D-46A5-AA6E-E9FF791B2CE9}.Release|x86.Build.0 = Release|Win32
		{4FD1F530-C1F4-403A-955B-423D15F21A33}.Debug|x64.ActiveCfg = Debug|x64
		{4FD1F530-C1F4-403A-955B-423D15F21A33}.Debug|x64.Build.0 = Debug|x64
		{4FD1F530-C1F4-403A-955B-423D15F21A33}.Debug|x86.ActiveCfg = Debug|Win32
		{4FD1F530-C1F4-403A-955B-423D15F21A33}.Debug|x86.Build.0 = Debug|Win32
		{4FD1F530-C1F4-403A-955B-423D15F21A33}.Release|x64.ActiveCfg = Release|x64
		{4FD1F530-C1F4-403A-955B-423D15F21A33}.Release|x64.Build.0 = Release|x64
		{4FD1F530-C1F4-403A-955B-423D15F21A33}.Release|x86.ActiveCfg = Release|Win32
		{4FD1F530-C1F4-403A-955B-423D15F21A33}.Release|x86.Build.0 = Release|Win32
		{E82B63CC-4484-4B5C-9E82-57CAEF398283}.Debug|x64.ActiveCfg = Debug|x64
		{E82B63CC-4484-4B5C-9E82-57CAEF398283}.Debug|x64.Build.0 = Debug|x64
		{E82B63CC-4484-4B5C-9E82-57CAEF398283}.Debug|x86.ActiveCfg = Debug|Win32
		{E82B63CC-4484-4B5C-9E82-57CAEF398283}.Debug|x86.Build.0 = Debug|Win32
		{E82B63CC-4484-4B5C-9E82-57CAEF398283}.Release|x64.ActiveCfg = Release|x64
		{E82B63CC-4484-4B5C-9E82-57CAEF398283}.Release|x64.Build.0 = Release|x64
		{E82B63CC-4484-4B5C-9E82-57CAEF398283}.Release|x86.ActiveCfg = Release|Win32
		{E82B63CC-4484-4B5C-9E82-57CAEF398283}.Release|x86.Build.0 = Release|Win32
		{1C8163AB-E0A7-496A-A632-2470411DFAD4}.Debug|x64.ActiveCfg = Debug|x64
		{1C8163AB-E0A7-496A-A632-2470411DFAD4}.Debug|x64.Build.0 = Debug|x64
		{1C8163AB-E0A7-496A-A632-2470411DFAD4}.Debug|x86.ActiveCfg = Debug|Win32
		{1C8163AB-E0A7-496A-A632-2470411DFAD4}.Debug|x86.Build.0 = Debug|Win32
		{1C8163AB-E0A7-496A-A632-2470411DFAD4}.Release|x64.ActiveCfg = Release|x64
		{1C8163AB-E0A7-496A-A632-2470411DFAD4}.Release|x64.Build.0 = Release|x64
		{1C8163AB-E0A7-496A-A632-2470411DFAD4}.Release|x86.ActiveCfg = Release|Win32
		{1C8163AB-E0A7-496A-A632-2470411DFAD4}.Release|x86.Build.0 = Release|Win32
		{0174B65D-0721-4A9D-8548-EDEC2A54FC6E}.Debug|x64.ActiveCfg = Debug|x64
		{0174B65D-0721-4A9D-8548-EDEC2A54FC6E}.Debug|x64.Build.0 = Debug|x64
		{0174B65D-0721-4A9D-8548-EDEC2A54FC6E}.Debug|x86.ActiveCfg = Debug|Win32
		{0174B65D-0721-4A9D-8548-EDEC2A54FC6E}.Debug|x86.Build.0 = Debug|Win32
		{0174B65D-0721-4A9D-8548-EDEC2A54FC6E}.Release|x64.ActiveCfg = Release|x64
		{0174B65D-0721-4A9D-8548-EDEC2A54FC6E}.Release|x64.Build.0 = Release|x64
		{0174B65D-0721-4A9D-8548-EDEC2A54FC6E}.Release|x86.ActiveCfg = Release|Win32
		{0174B65D-0721-4A9D-8548-EDEC2A54FC6E}.Release|x86.Build.0 = Release|Win32
		{F94B5F07-38EB-4DFE-A8A6-68CB64887B99}.Debug|x64.ActiveCfg = Debug|x64
		{F94B5F07-38EB-4DFE-A8A6-68CB64887B99}.Debug|x64.Build.0 = Debug|x64
		{F94B5F07-38EB-4DFE-A8A6-68CB64887B99}.Debug|x86.ActiveCfg = Debug|Win32
		{F94B5F07-38EB-4DFE-A8A6-68CB64887B99}.Debug|x86.Build.0 = Debug|Win32
		{F94B5F07-38EB-4DFE-A8A6-68CB64887B99}.Release|x64.ActiveCfg = Release|x64
		{F94B5F07-38EB-4DFE-A8A6-68CB64887B99}.Release|x64.Build.0 = Release|x64
		{F94B5F07-38EB-4DFE-A8A6-68CB64887B99}.Release|x86.ActiveCfg = Release|Win32
		{F94B5F07-38EB-4DFE-A8A6-68CB64887B99}.Release|x86.Build.0 = Release|Win32
	EndGlobalSection
	GlobalSection(SolutionProperties) = preSolution
		HideSolutionNode = FALSE
	EndGlobalSection
	GlobalSection(ExtensibilityGlobals) = postSolution
		SolutionGuid = {C7E916DE-019E-4BFE-952E-B90A0F0C3BD8}
	EndGlobalSection
EndGlobal
